
Microsoft Visual Studio Solution File, Format Version 12.00
# Visual Studio 15
VisualStudioVersion = 15.0.27428.2043
MinimumVisualStudioVersion = 10.0.40219.1
Project("{FAE04EC0-301F-11D3-BF4B-00C04F79EFBC}") = "AutoCompleteBox", "AutoCompleteBox\AutoCompleteBox.csproj", "{BD65271D-1CDA-44ED-881C-DA6807FC544F}"
EndProject
Global
	GlobalSection(SolutionConfigurationPlatforms) = preSolution
		Debug|Any CPU = Debug|Any CPU
		Release|Any CPU = Release|Any CPU
	EndGlobalSection
	GlobalSection(ProjectConfigurationPlatforms) = postSolution
		{BD65271D-1CDA-44ED-881C-DA6807FC544F}.Debug|Any CPU.ActiveCfg = Debug|Any CPU
		{BD65271D-1CDA-44ED-881C-DA6807FC544F}.Debug|Any CPU.Build.0 = Debug|Any CPU
		{BD65271D-1CDA-44ED-881C-DA6807FC544F}.Release|Any CPU.ActiveCfg = Release|Any CPU
		{BD65271D-1CDA-44ED-881C-DA6807FC544F}.Release|Any CPU.Build.0 = Release|Any CPU
	EndGlobalSection
	GlobalSection(SolutionProperties) = preSolution
		HideSolutionNode = FALSE
	EndGlobalSection
	GlobalSection(ExtensibilityGlobals) = postSolution
		SolutionGuid = {A526CA11-71C7-4E4D-8A7D-344EF0AC2975}
	EndGlobalSection
EndGlobal
